
Microsoft Visual Studio Solution File, Format Version 12.00
# Visual Studio 2013
VisualStudioVersion = 12.0.40629.0
MinimumVisualStudioVersion = 10.0.40219.1
Project("{FAE04EC0-301F-11D3-BF4B-00C04F79EFBC}") = "ArraySlider", "ArraySlider\ArraySlider.csproj", "{95103818-9991-45C4-B71B-92E11D54992B}"
EndProject
Project("{FAE04EC0-301F-11D3-BF4B-00C04F79EFBC}") = "CommandInterpreter", "CommandInterpreter\CommandInterpreter.csproj", "{7C6B21F9-DB1B-44A5-8400-77DEB376A5A7}"
EndProject
Project("{FAE04EC0-301F-11D3-BF4B-00C04F79EFBC}") = "ArrayManipulator", "ArrayManipulator\ArrayManipulator.csproj", "{D13A8E15-E3E8-4716-97F6-78720D7C84FE}"
EndProject
Global
	GlobalSection(SolutionConfigurationPlatforms) = preSolution
		Debug|Any CPU = Debug|Any CPU
		Release|Any CPU = Release|Any CPU
	EndGlobalSection
	GlobalSection(ProjectConfigurationPlatforms) = postSolution
		{95103818-9991-45C4-B71B-92E11D54992B}.Debug|Any CPU.ActiveCfg = Debug|Any CPU
		{95103818-9991-45C4-B71B-92E11D54992B}.Debug|Any CPU.Build.0 = Debug|Any CPU
		{95103818-9991-45C4-B71B-92E11D54992B}.Release|Any CPU.ActiveCfg = Release|Any CPU
		{95103818-9991-45C4-B71B-92E11D54992B}.Release|Any CPU.Build.0 = Release|Any CPU
		{7C6B21F9-DB1B-44A5-8400-77DEB376A5A7}.Debug|Any CPU.ActiveCfg = Debug|Any CPU
		{7C6B21F9-DB1B-44A5-8400-77DEB376A5A7}.Debug|Any CPU.Build.0 = Debug|Any CPU
		{7C6B21F9-DB1B-44A5-8400-77DEB376A5A7}.Release|Any CPU.ActiveCfg = Release|Any CPU
		{7C6B21F9-DB1B-44A5-8400-77DEB376A5A7}.Release|Any CPU.Build.0 = Release|Any CPU
		{D13A8E15-E3E8-4716-97F6-78720D7C84FE}.Debug|Any CPU.ActiveCfg = Debug|Any CPU
		{D13A8E15-E3E8-4716-97F6-78720D7C84FE}.Debug|Any CPU.Build.0 = Debug|Any CPU
		{D13A8E15-E3E8-4716-97F6-78720D7C84FE}.Release|Any CPU.ActiveCfg = Release|Any CPU
		{D13A8E15-E3E8-4716-97F6-78720D7C84FE}.Release|Any CPU.Build.0 = Release|Any CPU
	EndGlobalSection
	GlobalSection(SolutionProperties) = preSolution
		HideSolutionNode = FALSE
	EndGlobalSection
EndGlobal
