
Microsoft Visual Studio Solution File, Format Version 12.00
# Visual Studio 2013
VisualStudioVersion = 12.0.40629.0
MinimumVisualStudioVersion = 10.0.40219.1
Project("{FAE04EC0-301F-11D3-BF4B-00C04F79EFBC}") = "SrabskoUnleashed", "SrabskoUnleashed\SrabskoUnleashed.csproj", "{479D9599-6946-4E61-AF61-2479DD02BD3C}"
EndProject
Project("{FAE04EC0-301F-11D3-BF4B-00C04F79EFBC}") = "PopulationCounter", "PopulationCounter\PopulationCounter.csproj", "{1A0D297C-4682-42A9-B9E4-DC45E094741A}"
EndProject
Project("{FAE04EC0-301F-11D3-BF4B-00C04F79EFBC}") = "OlympicsAreComing", "OlympicsAreComing\OlympicsAreComing.csproj", "{87F7E58E-2010-418B-A9CF-F574609CE4F7}"
EndProject
Global
	GlobalSection(SolutionConfigurationPlatforms) = preSolution
		Debug|Any CPU = Debug|Any CPU
		Release|Any CPU = Release|Any CPU
	EndGlobalSection
	GlobalSection(ProjectConfigurationPlatforms) = postSolution
		{479D9599-6946-4E61-AF61-2479DD02BD3C}.Debug|Any CPU.ActiveCfg = Debug|Any CPU
		{479D9599-6946-4E61-AF61-2479DD02BD3C}.Debug|Any CPU.Build.0 = Debug|Any CPU
		{479D9599-6946-4E61-AF61-2479DD02BD3C}.Release|Any CPU.ActiveCfg = Release|Any CPU
		{479D9599-6946-4E61-AF61-2479DD02BD3C}.Release|Any CPU.Build.0 = Release|Any CPU
		{1A0D297C-4682-42A9-B9E4-DC45E094741A}.Debug|Any CPU.ActiveCfg = Debug|Any CPU
		{1A0D297C-4682-42A9-B9E4-DC45E094741A}.Debug|Any CPU.Build.0 = Debug|Any CPU
		{1A0D297C-4682-42A9-B9E4-DC45E094741A}.Release|Any CPU.ActiveCfg = Release|Any CPU
		{1A0D297C-4682-42A9-B9E4-DC45E094741A}.Release|Any CPU.Build.0 = Release|Any CPU
		{87F7E58E-2010-418B-A9CF-F574609CE4F7}.Debug|Any CPU.ActiveCfg = Debug|Any CPU
		{87F7E58E-2010-418B-A9CF-F574609CE4F7}.Debug|Any CPU.Build.0 = Debug|Any CPU
		{87F7E58E-2010-418B-A9CF-F574609CE4F7}.Release|Any CPU.ActiveCfg = Release|Any CPU
		{87F7E58E-2010-418B-A9CF-F574609CE4F7}.Release|Any CPU.Build.0 = Release|Any CPU
	EndGlobalSection
	GlobalSection(SolutionProperties) = preSolution
		HideSolutionNode = FALSE
	EndGlobalSection
EndGlobal
