
Microsoft Visual Studio Solution File, Format Version 12.00
# Visual Studio 14
VisualStudioVersion = 14.0.23107.0
MinimumVisualStudioVersion = 10.0.40219.1
Project("{FAE04EC0-301F-11D3-BF4B-00C04F79EFBC}") = "01.Shapes", "01.Shapes\01.Shapes.csproj", "{2D65542C-B382-4FED-8359-0677080FDAF6}"
EndProject
Project("{FAE04EC0-301F-11D3-BF4B-00C04F79EFBC}") = "02.BankOfKurtovoKonare", "02.BankOfKurtovoKonare\02.BankOfKurtovoKonare.csproj", "{934364DB-C363-493E-A6B0-05D7CD87467F}"
EndProject
Project("{FAE04EC0-301F-11D3-BF4B-00C04F79EFBC}") = "TheSlum", "03.TheSlum\TheSlum.csproj", "{7C6F7F25-2FDB-401F-B1A9-D8CE3BB7308D}"
EndProject
Global
	GlobalSection(SolutionConfigurationPlatforms) = preSolution
		Debug|Any CPU = Debug|Any CPU
		Release|Any CPU = Release|Any CPU
	EndGlobalSection
	GlobalSection(ProjectConfigurationPlatforms) = postSolution
		{2D65542C-B382-4FED-8359-0677080FDAF6}.Debug|Any CPU.ActiveCfg = Debug|Any CPU
		{2D65542C-B382-4FED-8359-0677080FDAF6}.Debug|Any CPU.Build.0 = Debug|Any CPU
		{2D65542C-B382-4FED-8359-0677080FDAF6}.Release|Any CPU.ActiveCfg = Release|Any CPU
		{2D65542C-B382-4FED-8359-0677080FDAF6}.Release|Any CPU.Build.0 = Release|Any CPU
		{934364DB-C363-493E-A6B0-05D7CD87467F}.Debug|Any CPU.ActiveCfg = Debug|Any CPU
		{934364DB-C363-493E-A6B0-05D7CD87467F}.Debug|Any CPU.Build.0 = Debug|Any CPU
		{934364DB-C363-493E-A6B0-05D7CD87467F}.Release|Any CPU.ActiveCfg = Release|Any CPU
		{934364DB-C363-493E-A6B0-05D7CD87467F}.Release|Any CPU.Build.0 = Release|Any CPU
		{7C6F7F25-2FDB-401F-B1A9-D8CE3BB7308D}.Debug|Any CPU.ActiveCfg = Debug|Any CPU
		{7C6F7F25-2FDB-401F-B1A9-D8CE3BB7308D}.Debug|Any CPU.Build.0 = Debug|Any CPU
		{7C6F7F25-2FDB-401F-B1A9-D8CE3BB7308D}.Release|Any CPU.ActiveCfg = Release|Any CPU
		{7C6F7F25-2FDB-401F-B1A9-D8CE3BB7308D}.Release|Any CPU.Build.0 = Release|Any CPU
	EndGlobalSection
	GlobalSection(SolutionProperties) = preSolution
		HideSolutionNode = FALSE
	EndGlobalSection
EndGlobal
